# This file is automatically @generated by Cargo.
# It is not intended for manual editing.
version = 3

[[package]]
name = "func_wrap"
version = "0.1.2"
source = "registry+https://github.com/rust-lang/crates.io-index"
checksum = "3ac674ae574fd6e66ab28b0628ac2de0554c17b7a6daa43acd5821764f5360a6"
dependencies = [
 "proc-macro2",
 "quote",
 "syn",
]

[[package]]
name = "paste"
version = "1.0.2"
source = "registry+https://github.com/rust-lang/crates.io-index"
checksum = "ba7ae1a2180ed02ddfdb5ab70c70d596a26dd642e097bb6fe78b1bde8588ed97"

[[package]]
name = "proc-macro2"
version = "1.0.0"
source = "registry+https://github.com/rust-lang/crates.io-index"
checksum = "19f287c234c9b2d0308d692dee5c449c1a171167a6f8150f7cf2a49d8fd96967"
dependencies = [
 "unicode-xid",
]

[[package]]
name = "quote"
version = "1.0.0"
source = "registry+https://github.com/rust-lang/crates.io-index"
checksum = "7ab938ebe6f1c82426b5fb82eaf10c3e3028c53deaa3fbe38f5904b37cf4d767"
dependencies = [
 "proc-macro2",
]

[[package]]
name = "stackbox"
version = "0.1.1"
dependencies = [
 "paste",
 "with_locals",
]

[[package]]
name = "syn"
version = "1.0.1"
source = "registry+https://github.com/rust-lang/crates.io-index"
checksum = "863ecbce06044c8380458360b4146d7372edadfedd77f120ba8c193da427b708"
dependencies = [
 "proc-macro2",
 "quote",
 "unicode-xid",
]

[[package]]
name = "unicode-xid"
version = "0.2.0"
source = "registry+https://github.com/rust-lang/crates.io-index"
checksum = "826e7639553986605ec5979c7dd957c7895e93eabed50ab2ffa7f6128a75097c"

[[package]]
name = "with_locals"
version = "0.3.0-rc1"
source = "registry+https://github.com/rust-lang/crates.io-index"
checksum = "84e2713f52d19c6a73ad770eba26c8504c73a43e50e8706d66498daff3efa154"
dependencies = [
 "with_locals-proc_macros",
]

[[package]]
name = "with_locals-proc_macros"
version = "0.3.0-rc1"
source = "registry+https://github.com/rust-lang/crates.io-index"
checksum = "8de16f00726ce97e6434acd0491886a9bf187dab8162e25a9630a78e1514978f"
dependencies = [
 "func_wrap",
 "proc-macro2",
 "quote",
 "syn",
]
